
Microsoft Visual Studio Solution File, Format Version 12.00
# Visual Studio Version 17
VisualStudioVersion = 17.13.35919.96 d17.13
MinimumVisualStudioVersion = 10.0.40219.1
Project("{FAE04EC0-301F-11D3-BF4B-00C04F79EFBC}") = "ValidadeExpressionEmail", "ValidadeExpressionEmail\ValidadeExpressionEmail.csproj", "{0D61FC4C-B7D3-412A-A832-6177A4F57AD0}"
EndProject
Global
	GlobalSection(SolutionConfigurationPlatforms) = preSolution
		Debug|Any CPU = Debug|Any CPU
		Release|Any CPU = Release|Any CPU
	EndGlobalSection
	GlobalSection(ProjectConfigurationPlatforms) = postSolution
		{0D61FC4C-B7D3-412A-A832-6177A4F57AD0}.Debug|Any CPU.ActiveCfg = Debug|Any CPU
		{0D61FC4C-B7D3-412A-A832-6177A4F57AD0}.Debug|Any CPU.Build.0 = Debug|Any CPU
		{0D61FC4C-B7D3-412A-A832-6177A4F57AD0}.Release|Any CPU.ActiveCfg = Release|Any CPU
		{0D61FC4C-B7D3-412A-A832-6177A4F57AD0}.Release|Any CPU.Build.0 = Release|Any CPU
	EndGlobalSection
	GlobalSection(SolutionProperties) = preSolution
		HideSolutionNode = FALSE
	EndGlobalSection
	GlobalSection(ExtensibilityGlobals) = postSolution
		SolutionGuid = {47C79243-32FE-4B0D-9F22-78B57B262A91}
	EndGlobalSection
EndGlobal
